// !$*UTF8*$!
{
	archiveVersion = 1;
	classes = {
	};
	objectVersion = 56;
	objects = {

/* Begin PBXBuildFile section */
		A40077922AAF0BE200B6FBCF /* ChatsExtension.swift in Sources */ = {isa = PBXBuildFile; fileRef = A40077912AAF0BE200B6FBCF /* ChatsExtension.swift */; };
		A41852742AB45240007457DE /* SettingViewModel.swift in Sources */ = {isa = PBXBuildFile; fileRef = A41852732AB45240007457DE /* SettingViewModel.swift */; };
		A41852762AB4615B007457DE /* PersonViewModel.swift in Sources */ = {isa = PBXBuildFile; fileRef = A41852752AB4615B007457DE /* PersonViewModel.swift */; };
		A418527A2AB4932C007457DE /* MainViewModel .swift in Sources */ = {isa = PBXBuildFile; fileRef = A41852792AB4932C007457DE /* MainViewModel .swift */; };
		A42C11CA2AAB0D59002E54BC /* Messages.swift in Sources */ = {isa = PBXBuildFile; fileRef = A42C11C92AAB0D59002E54BC /* Messages.swift */; };
		A450F05C2AA8658A0018DB9D /* IntroViewController.swift in Sources */ = {isa = PBXBuildFile; fileRef = A450F05B2AA8658A0018DB9D /* IntroViewController.swift */; };
		A488D1912AA8B46400E69AF0 /* PersonsViewController.swift in Sources */ = {isa = PBXBuildFile; fileRef = A488D1902AA8B46400E69AF0 /* PersonsViewController.swift */; };
		A488D1932AA8B4BA00E69AF0 /* MessageViewController.swift in Sources */ = {isa = PBXBuildFile; fileRef = A488D1922AA8B4BA00E69AF0 /* MessageViewController.swift */; };
		A488D1952AA8B4D500E69AF0 /* MessageTableViewCell.swift in Sources */ = {isa = PBXBuildFile; fileRef = A488D1942AA8B4D500E69AF0 /* MessageTableViewCell.swift */; };
		A488D1972AA8B4E200E69AF0 /* PersonsTableViewCell.swift in Sources */ = {isa = PBXBuildFile; fileRef = A488D1962AA8B4E200E69AF0 /* PersonsTableViewCell.swift */; };
		A488D19B2AA8B72D00E69AF0 /* MessageExtension.swift in Sources */ = {isa = PBXBuildFile; fileRef = A488D19A2AA8B72D00E69AF0 /* MessageExtension.swift */; };
		A488D19D2AA8B77200E69AF0 /* PersonExtension.swift in Sources */ = {isa = PBXBuildFile; fileRef = A488D19C2AA8B77200E69AF0 /* PersonExtension.swift */; };
		A48AB99C2AB32587008443DD /* SettingsExtension.swift in Sources */ = {isa = PBXBuildFile; fileRef = A48AB99B2AB32587008443DD /* SettingsExtension.swift */; };
		A493BEE92AA9B4BF007D3E63 /* GoogleService-Info.plist in Resources */ = {isa = PBXBuildFile; fileRef = A493BEE82AA9B4BF007D3E63 /* GoogleService-Info.plist */; };
		A493BEEC2AA9B654007D3E63 /* FirebaseAnalytics in Frameworks */ = {isa = PBXBuildFile; productRef = A493BEEB2AA9B654007D3E63 /* FirebaseAnalytics */; };
		A493BEEE2AA9B654007D3E63 /* FirebaseAuth in Frameworks */ = {isa = PBXBuildFile; productRef = A493BEED2AA9B654007D3E63 /* FirebaseAuth */; };
		A493BEF02AA9B654007D3E63 /* FirebaseDatabase in Frameworks */ = {isa = PBXBuildFile; productRef = A493BEEF2AA9B654007D3E63 /* FirebaseDatabase */; };
		A493BEF22AA9B654007D3E63 /* FirebaseFirestore in Frameworks */ = {isa = PBXBuildFile; productRef = A493BEF12AA9B654007D3E63 /* FirebaseFirestore */; };
		A493BEF42AA9B654007D3E63 /* FirebaseStorage in Frameworks */ = {isa = PBXBuildFile; productRef = A493BEF32AA9B654007D3E63 /* FirebaseStorage */; };
		A493BEF62AA9B92F007D3E63 /* ChatsViewController.swift in Sources */ = {isa = PBXBuildFile; fileRef = A493BEF52AA9B92F007D3E63 /* ChatsViewController.swift */; };
		A493BEFA2AA9BC22007D3E63 /* ChatTableViewCell.swift in Sources */ = {isa = PBXBuildFile; fileRef = A493BEF92AA9BC22007D3E63 /* ChatTableViewCell.swift */; };
		A493BEFC2AA9BD9B007D3E63 /* ChatExtension.swift in Sources */ = {isa = PBXBuildFile; fileRef = A493BEFB2AA9BD9B007D3E63 /* ChatExtension.swift */; };
		A4956E2A2AB0A03E00995E86 /* SettingsViewController.swift in Sources */ = {isa = PBXBuildFile; fileRef = A4956E292AB0A03E00995E86 /* SettingsViewController.swift */; };
		A4BA26332AA88CBA007D0005 /* LoginViewController.swift in Sources */ = {isa = PBXBuildFile; fileRef = A4BA26322AA88CBA007D0005 /* LoginViewController.swift */; };
		A4BA26362AA88FB2007D0005 /* Lottie in Frameworks */ = {isa = PBXBuildFile; productRef = A4BA26352AA88FB2007D0005 /* Lottie */; };
		A4BA263D2AA89097007D0005 /* image1.1.json in Resources */ = {isa = PBXBuildFile; fileRef = A4BA26392AA89097007D0005 /* image1.1.json */; };
		A4BA263E2AA89097007D0005 /* image1.2.json in Resources */ = {isa = PBXBuildFile; fileRef = A4BA263A2AA89097007D0005 /* image1.2.json */; };
		A4BA263F2AA89097007D0005 /* image1.3.json in Resources */ = {isa = PBXBuildFile; fileRef = A4BA263B2AA89097007D0005 /* image1.3.json */; };
		A4BA26402AA89097007D0005 /* image1.3.1.json in Resources */ = {isa = PBXBuildFile; fileRef = A4BA263C2AA89097007D0005 /* image1.3.1.json */; };
		A4BA26422AA8A151007D0005 /* RegisterViewController.swift in Sources */ = {isa = PBXBuildFile; fileRef = A4BA26412AA8A151007D0005 /* RegisterViewController.swift */; };
		A4BA26442AA8A94E007D0005 /* ForgotViewController.swift in Sources */ = {isa = PBXBuildFile; fileRef = A4BA26432AA8A94E007D0005 /* ForgotViewController.swift */; };
		A4C453D62AA753F0002A34C6 /* AppDelegate.swift in Sources */ = {isa = PBXBuildFile; fileRef = A4C453D52AA753F0002A34C6 /* AppDelegate.swift */; };
		A4C453D82AA753F0002A34C6 /* SceneDelegate.swift in Sources */ = {isa = PBXBuildFile; fileRef = A4C453D72AA753F0002A34C6 /* SceneDelegate.swift */; };
		A4C453DD2AA753F0002A34C6 /* Main.storyboard in Resources */ = {isa = PBXBuildFile; fileRef = A4C453DB2AA753F0002A34C6 /* Main.storyboard */; };
		A4C453DF2AA753F1002A34C6 /* Assets.xcassets in Resources */ = {isa = PBXBuildFile; fileRef = A4C453DE2AA753F1002A34C6 /* Assets.xcassets */; };
		A4C453E22AA753F1002A34C6 /* LaunchScreen.storyboard in Resources */ = {isa = PBXBuildFile; fileRef = A4C453E02AA753F1002A34C6 /* LaunchScreen.storyboard */; };
		A4C453F32AA75962002A34C6 /* PageModel.swift in Sources */ = {isa = PBXBuildFile; fileRef = A4C453F22AA75962002A34C6 /* PageModel.swift */; };
		A4C453F52AA75EE6002A34C6 /* PagesViewController.swift in Sources */ = {isa = PBXBuildFile; fileRef = A4C453F42AA75EE6002A34C6 /* PagesViewController.swift */; };
		A4EAFC082AA9C64400CA6B00 /* Users.swift in Sources */ = {isa = PBXBuildFile; fileRef = A4EAFC072AA9C64400CA6B00 /* Users.swift */; };
		A4EAFC0B2AA9CC4D00CA6B00 /* Alerts.swift in Sources */ = {isa = PBXBuildFile; fileRef = A4EAFC0A2AA9CC4D00CA6B00 /* Alerts.swift */; };
		A4EAFC0D2AA9D14200CA6B00 /* MessageViewModel.swift in Sources */ = {isa = PBXBuildFile; fileRef = A4EAFC0C2AA9D14200CA6B00 /* MessageViewModel.swift */; };
		A4EAFC0F2AA9E68D00CA6B00 /* ChatViewController.swift in Sources */ = {isa = PBXBuildFile; fileRef = A4EAFC0E2AA9E68D00CA6B00 /* ChatViewController.swift */; };
		A4F728B22AAB430B008A279F /* MessageKit in Frameworks */ = {isa = PBXBuildFile; productRef = A4F728B12AAB430B008A279F /* MessageKit */; };
/* End PBXBuildFile section */

/* Begin PBXFileReference section */
		A40077912AAF0BE200B6FBCF /* ChatsExtension.swift */ = {isa = PBXFileReference; lastKnownFileType = sourcecode.swift; path = ChatsExtension.swift; sourceTree = "<group>"; };
		A41852732AB45240007457DE /* SettingViewModel.swift */ = {isa = PBXFileReference; lastKnownFileType = sourcecode.swift; path = SettingViewModel.swift; sourceTree = "<group>"; };
		A41852752AB4615B007457DE /* PersonViewModel.swift */ = {isa = PBXFileReference; lastKnownFileType = sourcecode.swift; path = PersonViewModel.swift; sourceTree = "<group>"; };
		A41852792AB4932C007457DE /* MainViewModel .swift */ = {isa = PBXFileReference; lastKnownFileType = sourcecode.swift; path = "MainViewModel .swift"; sourceTree = "<group>"; };
		A42C11C92AAB0D59002E54BC /* Messages.swift */ = {isa = PBXFileReference; lastKnownFileType = sourcecode.swift; path = Messages.swift; sourceTree = "<group>"; };
		A450F05B2AA8658A0018DB9D /* IntroViewController.swift */ = {isa = PBXFileReference; lastKnownFileType = sourcecode.swift; path = IntroViewController.swift; sourceTree = "<group>"; };
		A488D1902AA8B46400E69AF0 /* PersonsViewController.swift */ = {isa = PBXFileReference; lastKnownFileType = sourcecode.swift; path = PersonsViewController.swift; sourceTree = "<group>"; };
		A488D1922AA8B4BA00E69AF0 /* MessageViewController.swift */ = {isa = PBXFileReference; lastKnownFileType = sourcecode.swift; path = MessageViewController.swift; sourceTree = "<group>"; };
		A488D1942AA8B4D500E69AF0 /* MessageTableViewCell.swift */ = {isa = PBXFileReference; lastKnownFileType = sourcecode.swift; path = MessageTableViewCell.swift; sourceTree = "<group>"; };
		A488D1962AA8B4E200E69AF0 /* PersonsTableViewCell.swift */ = {isa = PBXFileReference; lastKnownFileType = sourcecode.swift; path = PersonsTableViewCell.swift; sourceTree = "<group>"; };
		A488D19A2AA8B72D00E69AF0 /* MessageExtension.swift */ = {isa = PBXFileReference; lastKnownFileType = sourcecode.swift; path = MessageExtension.swift; sourceTree = "<group>"; };
		A488D19C2AA8B77200E69AF0 /* PersonExtension.swift */ = {isa = PBXFileReference; lastKnownFileType = sourcecode.swift; path = PersonExtension.swift; sourceTree = "<group>"; };
		A48AB99B2AB32587008443DD /* SettingsExtension.swift */ = {isa = PBXFileReference; lastKnownFileType = sourcecode.swift; path = SettingsExtension.swift; sourceTree = "<group>"; };
		A493BEE82AA9B4BF007D3E63 /* GoogleService-Info.plist */ = {isa = PBXFileReference; fileEncoding = 4; lastKnownFileType = text.plist.xml; path = "GoogleService-Info.plist"; sourceTree = "<group>"; };
		A493BEF52AA9B92F007D3E63 /* ChatsViewController.swift */ = {isa = PBXFileReference; lastKnownFileType = sourcecode.swift; path = ChatsViewController.swift; sourceTree = "<group>"; };
		A493BEF92AA9BC22007D3E63 /* ChatTableViewCell.swift */ = {isa = PBXFileReference; lastKnownFileType = sourcecode.swift; path = ChatTableViewCell.swift; sourceTree = "<group>"; };
		A493BEFB2AA9BD9B007D3E63 /* ChatExtension.swift */ = {isa = PBXFileReference; lastKnownFileType = sourcecode.swift; path = ChatExtension.swift; sourceTree = "<group>"; };
		A4956E292AB0A03E00995E86 /* SettingsViewController.swift */ = {isa = PBXFileReference; lastKnownFileType = sourcecode.swift; path = SettingsViewController.swift; sourceTree = "<group>"; };
		A4BA26322AA88CBA007D0005 /* LoginViewController.swift */ = {isa = PBXFileReference; lastKnownFileType = sourcecode.swift; path = LoginViewController.swift; sourceTree = "<group>"; };
		A4BA26392AA89097007D0005 /* image1.1.json */ = {isa = PBXFileReference; fileEncoding = 4; lastKnownFileType = text.json; path = image1.1.json; sourceTree = "<group>"; };
		A4BA263A2AA89097007D0005 /* image1.2.json */ = {isa = PBXFileReference; fileEncoding = 4; lastKnownFileType = text.json; path = image1.2.json; sourceTree = "<group>"; };
		A4BA263B2AA89097007D0005 /* image1.3.json */ = {isa = PBXFileReference; fileEncoding = 4; lastKnownFileType = text.json; path = image1.3.json; sourceTree = "<group>"; };
		A4BA263C2AA89097007D0005 /* image1.3.1.json */ = {isa = PBXFileReference; fileEncoding = 4; lastKnownFileType = text.json; path = image1.3.1.json; sourceTree = "<group>"; };
		A4BA26412AA8A151007D0005 /* RegisterViewController.swift */ = {isa = PBXFileReference; lastKnownFileType = sourcecode.swift; path = RegisterViewController.swift; sourceTree = "<group>"; };
		A4BA26432AA8A94E007D0005 /* ForgotViewController.swift */ = {isa = PBXFileReference; lastKnownFileType = sourcecode.swift; path = ForgotViewController.swift; sourceTree = "<group>"; };
		A4C453D22AA753F0002A34C6 /* MessageApp.app */ = {isa = PBXFileReference; explicitFileType = wrapper.application; includeInIndex = 0; path = MessageApp.app; sourceTree = BUILT_PRODUCTS_DIR; };
		A4C453D52AA753F0002A34C6 /* AppDelegate.swift */ = {isa = PBXFileReference; lastKnownFileType = sourcecode.swift; path = AppDelegate.swift; sourceTree = "<group>"; };
		A4C453D72AA753F0002A34C6 /* SceneDelegate.swift */ = {isa = PBXFileReference; lastKnownFileType = sourcecode.swift; path = SceneDelegate.swift; sourceTree = "<group>"; };
		A4C453DC2AA753F0002A34C6 /* Base */ = {isa = PBXFileReference; lastKnownFileType = file.storyboard; name = Base; path = Base.lproj/Main.storyboard; sourceTree = "<group>"; };
		A4C453DE2AA753F1002A34C6 /* Assets.xcassets */ = {isa = PBXFileReference; lastKnownFileType = folder.assetcatalog; path = Assets.xcassets; sourceTree = "<group>"; };
		A4C453E12AA753F1002A34C6 /* Base */ = {isa = PBXFileReference; lastKnownFileType = file.storyboard; name = Base; path = Base.lproj/LaunchScreen.storyboard; sourceTree = "<group>"; };
		A4C453E32AA753F1002A34C6 /* Info.plist */ = {isa = PBXFileReference; lastKnownFileType = text.plist.xml; path = Info.plist; sourceTree = "<group>"; };
		A4C453F22AA75962002A34C6 /* PageModel.swift */ = {isa = PBXFileReference; lastKnownFileType = sourcecode.swift; path = PageModel.swift; sourceTree = "<group>"; };
		A4C453F42AA75EE6002A34C6 /* PagesViewController.swift */ = {isa = PBXFileReference; lastKnownFileType = sourcecode.swift; path = PagesViewController.swift; sourceTree = "<group>"; };
		A4EAFC072AA9C64400CA6B00 /* Users.swift */ = {isa = PBXFileReference; lastKnownFileType = sourcecode.swift; path = Users.swift; sourceTree = "<group>"; };
		A4EAFC0A2AA9CC4D00CA6B00 /* Alerts.swift */ = {isa = PBXFileReference; lastKnownFileType = sourcecode.swift; path = Alerts.swift; sourceTree = "<group>"; };
		A4EAFC0C2AA9D14200CA6B00 /* MessageViewModel.swift */ = {isa = PBXFileReference; lastKnownFileType = sourcecode.swift; path = MessageViewModel.swift; sourceTree = "<group>"; };
		A4EAFC0E2AA9E68D00CA6B00 /* ChatViewController.swift */ = {isa = PBXFileReference; lastKnownFileType = sourcecode.swift; path = ChatViewController.swift; sourceTree = "<group>"; };
/* End PBXFileReference section */

/* Begin PBXFrameworksBuildPhase section */
		A4C453CF2AA753F0002A34C6 /* Frameworks */ = {
			isa = PBXFrameworksBuildPhase;
			buildActionMask = 2147483647;
			files = (
				A493BEEC2AA9B654007D3E63 /* FirebaseAnalytics in Frameworks */,
				A493BEEE2AA9B654007D3E63 /* FirebaseAuth in Frameworks */,
				A493BEF02AA9B654007D3E63 /* FirebaseDatabase in Frameworks */,
				A4F728B22AAB430B008A279F /* MessageKit in Frameworks */,
				A493BEF22AA9B654007D3E63 /* FirebaseFirestore in Frameworks */,
				A4BA26362AA88FB2007D0005 /* Lottie in Frameworks */,
				A493BEF42AA9B654007D3E63 /* FirebaseStorage in Frameworks */,
			);
			runOnlyForDeploymentPostprocessing = 0;
		};
/* End PBXFrameworksBuildPhase section */

/* Begin PBXGroup section */
		A488D1982AA8B69D00E69AF0 /* Lotties */ = {
			isa = PBXGroup;
			children = (
				A4BA263B2AA89097007D0005 /* image1.3.json */,
				A4BA263C2AA89097007D0005 /* image1.3.1.json */,
				A4BA263A2AA89097007D0005 /* image1.2.json */,
				A4BA26392AA89097007D0005 /* image1.1.json */,
			);
			path = Lotties;
			sourceTree = "<group>";
		};
		A488D1992AA8B71700E69AF0 /* Extension */ = {
			isa = PBXGroup;
			children = (
				A488D19A2AA8B72D00E69AF0 /* MessageExtension.swift */,
				A488D19C2AA8B77200E69AF0 /* PersonExtension.swift */,
				A493BEFB2AA9BD9B007D3E63 /* ChatExtension.swift */,
				A40077912AAF0BE200B6FBCF /* ChatsExtension.swift */,
				A48AB99B2AB32587008443DD /* SettingsExtension.swift */,
			);
			path = Extension;
			sourceTree = "<group>";
		};
		A49CE3E82AB1AFD300128318 /* Cells */ = {
			isa = PBXGroup;
			children = (
				A493BEF92AA9BC22007D3E63 /* ChatTableViewCell.swift */,
				A488D1962AA8B4E200E69AF0 /* PersonsTableViewCell.swift */,
				A488D1942AA8B4D500E69AF0 /* MessageTableViewCell.swift */,
			);
			path = Cells;
			sourceTree = "<group>";
		};
		A4C453C92AA753F0002A34C6 = {
			isa = PBXGroup;
			children = (
				A4C453D42AA753F0002A34C6 /* MessageApp */,
				A4C453D32AA753F0002A34C6 /* Products */,
			);
			sourceTree = "<group>";
		};
		A4C453D32AA753F0002A34C6 /* Products */ = {
			isa = PBXGroup;
			children = (
				A4C453D22AA753F0002A34C6 /* MessageApp.app */,
			);
			name = Products;
			sourceTree = "<group>";
		};
		A4C453D42AA753F0002A34C6 /* MessageApp */ = {
			isa = PBXGroup;
			children = (
				A488D1992AA8B71700E69AF0 /* Extension */,
				A4C453ED2AA75413002A34C6 /* Resources */,
				A4C453EC2AA7540F002A34C6 /* Model */,
				A4C453EB2AA75409002A34C6 /* View */,
				A4C453EA2AA75402002A34C6 /* ViewModel */,
				A4C453E92AA753FC002A34C6 /* Helpers */,
				A4C453E32AA753F1002A34C6 /* Info.plist */,
				A493BEE82AA9B4BF007D3E63 /* GoogleService-Info.plist */,
			);
			path = MessageApp;
			sourceTree = "<group>";
		};
		A4C453E92AA753FC002A34C6 /* Helpers */ = {
			isa = PBXGroup;
			children = (
				A4EAFC092AA9CC3D00CA6B00 /* Alerts */,
				A488D1982AA8B69D00E69AF0 /* Lotties */,
			);
			path = Helpers;
			sourceTree = "<group>";
		};
		A4C453EA2AA75402002A34C6 /* ViewModel */ = {
			isa = PBXGroup;
			children = (
				A4EAFC0C2AA9D14200CA6B00 /* MessageViewModel.swift */,
				A41852732AB45240007457DE /* SettingViewModel.swift */,
				A41852752AB4615B007457DE /* PersonViewModel.swift */,
				A41852792AB4932C007457DE /* MainViewModel .swift */,
			);
			path = ViewModel;
			sourceTree = "<group>";
		};
		A4C453EB2AA75409002A34C6 /* View */ = {
			isa = PBXGroup;
			children = (
				A49CE3E82AB1AFD300128318 /* Cells */,
				A4C453EE2AA75420002A34C6 /* Controllers */,
				A4C453EF2AA7542E002A34C6 /* Storyboard */,
			);
			path = View;
			sourceTree = "<group>";
		};
		A4C453EC2AA7540F002A34C6 /* Model */ = {
			isa = PBXGroup;
			children = (
				A4C453F22AA75962002A34C6 /* PageModel.swift */,
				A4EAFC072AA9C64400CA6B00 /* Users.swift */,
				A42C11C92AAB0D59002E54BC /* Messages.swift */,
			);
			path = Model;
			sourceTree = "<group>";
		};
		A4C453ED2AA75413002A34C6 /* Resources */ = {
			isa = PBXGroup;
			children = (
				A4C453D52AA753F0002A34C6 /* AppDelegate.swift */,
				A4C453D72AA753F0002A34C6 /* SceneDelegate.swift */,
				A4C453DE2AA753F1002A34C6 /* Assets.xcassets */,
			);
			path = Resources;
			sourceTree = "<group>";
		};
		A4C453EE2AA75420002A34C6 /* Controllers */ = {
			isa = PBXGroup;
			children = (
				A4C453F42AA75EE6002A34C6 /* PagesViewController.swift */,
				A450F05B2AA8658A0018DB9D /* IntroViewController.swift */,
				A4BA26322AA88CBA007D0005 /* LoginViewController.swift */,
				A4BA26412AA8A151007D0005 /* RegisterViewController.swift */,
				A4BA26432AA8A94E007D0005 /* ForgotViewController.swift */,
				A488D1902AA8B46400E69AF0 /* PersonsViewController.swift */,
				A488D1922AA8B4BA00E69AF0 /* MessageViewController.swift */,
				A493BEF52AA9B92F007D3E63 /* ChatsViewController.swift */,
				A4EAFC0E2AA9E68D00CA6B00 /* ChatViewController.swift */,
				A4956E292AB0A03E00995E86 /* SettingsViewController.swift */,
			);
			path = Controllers;
			sourceTree = "<group>";
		};
		A4C453EF2AA7542E002A34C6 /* Storyboard */ = {
			isa = PBXGroup;
			children = (
				A4C453E02AA753F1002A34C6 /* LaunchScreen.storyboard */,
				A4C453DB2AA753F0002A34C6 /* Main.storyboard */,
			);
			path = Storyboard;
			sourceTree = "<group>";
		};
		A4EAFC092AA9CC3D00CA6B00 /* Alerts */ = {
			isa = PBXGroup;
			children = (
				A4EAFC0A2AA9CC4D00CA6B00 /* Alerts.swift */,
			);
			path = Alerts;
			sourceTree = "<group>";
		};
/* End PBXGroup section */

/* Begin PBXNativeTarget section */
		A4C453D12AA753F0002A34C6 /* MessageApp */ = {
			isa = PBXNativeTarget;
			buildConfigurationList = A4C453E62AA753F1002A34C6 /* Build configuration list for PBXNativeTarget "MessageApp" */;
			buildPhases = (
				A4C453CE2AA753F0002A34C6 /* Sources */,
				A4C453CF2AA753F0002A34C6 /* Frameworks */,
				A4C453D02AA753F0002A34C6 /* Resources */,
			);
			buildRules = (
			);
			dependencies = (
			);
			name = MessageApp;
			packageProductDependencies = (
				A4BA26352AA88FB2007D0005 /* Lottie */,
				A493BEEB2AA9B654007D3E63 /* FirebaseAnalytics */,
				A493BEED2AA9B654007D3E63 /* FirebaseAuth */,
				A493BEEF2AA9B654007D3E63 /* FirebaseDatabase */,
				A493BEF12AA9B654007D3E63 /* FirebaseFirestore */,
				A493BEF32AA9B654007D3E63 /* FirebaseStorage */,
				A4F728B12AAB430B008A279F /* MessageKit */,
			);
			productName = MessageApp;
			productReference = A4C453D22AA753F0002A34C6 /* MessageApp.app */;
			productType = "com.apple.product-type.application";
		};
/* End PBXNativeTarget section */

/* Begin PBXProject section */
		A4C453CA2AA753F0002A34C6 /* Project object */ = {
			isa = PBXProject;
			attributes = {
				BuildIndependentTargetsInParallel = 1;
				LastSwiftUpdateCheck = 1420;
				LastUpgradeCheck = 1420;
				TargetAttributes = {
					A4C453D12AA753F0002A34C6 = {
						CreatedOnToolsVersion = 14.2;
					};
				};
			};
			buildConfigurationList = A4C453CD2AA753F0002A34C6 /* Build configuration list for PBXProject "MessageApp" */;
			compatibilityVersion = "Xcode 14.0";
			developmentRegion = en;
			hasScannedForEncodings = 0;
			knownRegions = (
				en,
				Base,
			);
			mainGroup = A4C453C92AA753F0002A34C6;
			packageReferences = (
				A4BA26342AA88FB2007D0005 /* XCRemoteSwiftPackageReference "lottie-ios" */,
				A493BEEA2AA9B654007D3E63 /* XCRemoteSwiftPackageReference "firebase-ios-sdk" */,
				A4F728B02AAB430B008A279F /* XCRemoteSwiftPackageReference "MessageKit" */,
			);
			productRefGroup = A4C453D32AA753F0002A34C6 /* Products */;
			projectDirPath = "";
			projectRoot = "";
			targets = (
				A4C453D12AA753F0002A34C6 /* MessageApp */,
			);
		};
/* End PBXProject section */

/* Begin PBXResourcesBuildPhase section */
		A4C453D02AA753F0002A34C6 /* Resources */ = {
			isa = PBXResourcesBuildPhase;
			buildActionMask = 2147483647;
			files = (
				A4BA263D2AA89097007D0005 /* image1.1.json in Resources */,
				A493BEE92AA9B4BF007D3E63 /* GoogleService-Info.plist in Resources */,
				A4C453E22AA753F1002A34C6 /* LaunchScreen.storyboard in Resources */,
				A4C453DF2AA753F1002A34C6 /* Assets.xcassets in Resources */,
				A4C453DD2AA753F0002A34C6 /* Main.storyboard in Resources */,
				A4BA26402AA89097007D0005 /* image1.3.1.json in Resources */,
				A4BA263F2AA89097007D0005 /* image1.3.json in Resources */,
				A4BA263E2AA89097007D0005 /* image1.2.json in Resources */,
			);
			runOnlyForDeploymentPostprocessing = 0;
		};
/* End PBXResourcesBuildPhase section */

/* Begin PBXSourcesBuildPhase section */
		A4C453CE2AA753F0002A34C6 /* Sources */ = {
			isa = PBXSourcesBuildPhase;
			buildActionMask = 2147483647;
			files = (
				A48AB99C2AB32587008443DD /* SettingsExtension.swift in Sources */,
				A4BA26422AA8A151007D0005 /* RegisterViewController.swift in Sources */,
				A42C11CA2AAB0D59002E54BC /* Messages.swift in Sources */,
				A41852742AB45240007457DE /* SettingViewModel.swift in Sources */,
				A40077922AAF0BE200B6FBCF /* ChatsExtension.swift in Sources */,
				A4C453F32AA75962002A34C6 /* PageModel.swift in Sources */,
				A4EAFC0F2AA9E68D00CA6B00 /* ChatViewController.swift in Sources */,
				A4BA26442AA8A94E007D0005 /* ForgotViewController.swift in Sources */,
				A493BEFC2AA9BD9B007D3E63 /* ChatExtension.swift in Sources */,
				A4EAFC0D2AA9D14200CA6B00 /* MessageViewModel.swift in Sources */,
				A4956E2A2AB0A03E00995E86 /* SettingsViewController.swift in Sources */,
				A488D1972AA8B4E200E69AF0 /* PersonsTableViewCell.swift in Sources */,
				A41852762AB4615B007457DE /* PersonViewModel.swift in Sources */,
				A4EAFC082AA9C64400CA6B00 /* Users.swift in Sources */,
				A4EAFC0B2AA9CC4D00CA6B00 /* Alerts.swift in Sources */,
				A488D1912AA8B46400E69AF0 /* PersonsViewController.swift in Sources */,
				A450F05C2AA8658A0018DB9D /* IntroViewController.swift in Sources */,
				A493BEF62AA9B92F007D3E63 /* ChatsViewController.swift in Sources */,
				A488D19B2AA8B72D00E69AF0 /* MessageExtension.swift in Sources */,
				A488D1952AA8B4D500E69AF0 /* MessageTableViewCell.swift in Sources */,
				A4C453D62AA753F0002A34C6 /* AppDelegate.swift in Sources */,
				A4BA26332AA88CBA007D0005 /* LoginViewController.swift in Sources */,
				A488D1932AA8B4BA00E69AF0 /* MessageViewController.swift in Sources */,
				A493BEFA2AA9BC22007D3E63 /* ChatTableViewCell.swift in Sources */,
				A4C453F52AA75EE6002A34C6 /* PagesViewController.swift in Sources */,
				A488D19D2AA8B77200E69AF0 /* PersonExtension.swift in Sources */,
				A4C453D82AA753F0002A34C6 /* SceneDelegate.swift in Sources */,
				A418527A2AB4932C007457DE /* MainViewModel .swift in Sources */,
			);
			runOnlyForDeploymentPostprocessing = 0;
		};
/* End PBXSourcesBuildPhase section */

/* Begin PBXVariantGroup section */
		A4C453DB2AA753F0002A34C6 /* Main.storyboard */ = {
			isa = PBXVariantGroup;
			children = (
				A4C453DC2AA753F0002A34C6 /* Base */,
			);
			name = Main.storyboard;
			sourceTree = "<group>";
		};
		A4C453E02AA753F1002A34C6 /* LaunchScreen.storyboard */ = {
			isa = PBXVariantGroup;
			children = (
				A4C453E12AA753F1002A34C6 /* Base */,
			);
			name = LaunchScreen.storyboard;
			sourceTree = "<group>";
		};
/* End PBXVariantGroup section */

/* Begin XCBuildConfiguration section */
		A4C453E42AA753F1002A34C6 /* Debug */ = {
			isa = XCBuildConfiguration;
			buildSettings = {
				ALWAYS_SEARCH_USER_PATHS = NO;
				CLANG_ANALYZER_NONNULL = YES;
				CLANG_ANALYZER_NUMBER_OBJECT_CONVERSION = YES_AGGRESSIVE;
				CLANG_CXX_LANGUAGE_STANDARD = "gnu++20";
				CLANG_ENABLE_MODULES = YES;
				CLANG_ENABLE_OBJC_ARC = YES;
				CLANG_ENABLE_OBJC_WEAK = YES;
				CLANG_WARN_BLOCK_CAPTURE_AUTORELEASING = YES;
				CLANG_WARN_BOOL_CONVERSION = YES;
				CLANG_WARN_COMMA = YES;
				CLANG_WARN_CONSTANT_CONVERSION = YES;
				CLANG_WARN_DEPRECATED_OBJC_IMPLEMENTATIONS = YES;
				CLANG_WARN_DIRECT_OBJC_ISA_USAGE = YES_ERROR;
				CLANG_WARN_DOCUMENTATION_COMMENTS = YES;
				CLANG_WARN_EMPTY_BODY = YES;
				CLANG_WARN_ENUM_CONVERSION = YES;
				CLANG_WARN_INFINITE_RECURSION = YES;
				CLANG_WARN_INT_CONVERSION = YES;
				CLANG_WARN_NON_LITERAL_NULL_CONVERSION = YES;
				CLANG_WARN_OBJC_IMPLICIT_RETAIN_SELF = YES;
				CLANG_WARN_OBJC_LITERAL_CONVERSION = YES;
				CLANG_WARN_OBJC_ROOT_CLASS = YES_ERROR;
				CLANG_WARN_QUOTED_INCLUDE_IN_FRAMEWORK_HEADER = YES;
				CLANG_WARN_RANGE_LOOP_ANALYSIS = YES;
				CLANG_WARN_STRICT_PROTOTYPES = YES;
				CLANG_WARN_SUSPICIOUS_MOVE = YES;
				CLANG_WARN_UNGUARDED_AVAILABILITY = YES_AGGRESSIVE;
				CLANG_WARN_UNREACHABLE_CODE = YES;
				CLANG_WARN__DUPLICATE_METHOD_MATCH = YES;
				COPY_PHASE_STRIP = NO;
				DEBUG_INFORMATION_FORMAT = dwarf;
				ENABLE_STRICT_OBJC_MSGSEND = YES;
				ENABLE_TESTABILITY = YES;
				GCC_C_LANGUAGE_STANDARD = gnu11;
				GCC_DYNAMIC_NO_PIC = NO;
				GCC_NO_COMMON_BLOCKS = YES;
				GCC_OPTIMIZATION_LEVEL = 0;
				GCC_PREPROCESSOR_DEFINITIONS = (
					"DEBUG=1",
					"$(inherited)",
				);
				GCC_WARN_64_TO_32_BIT_CONVERSION = YES;
				GCC_WARN_ABOUT_RETURN_TYPE = YES_ERROR;
				GCC_WARN_UNDECLARED_SELECTOR = YES;
				GCC_WARN_UNINITIALIZED_AUTOS = YES_AGGRESSIVE;
				GCC_WARN_UNUSED_FUNCTION = YES;
				GCC_WARN_UNUSED_VARIABLE = YES;
				IPHONEOS_DEPLOYMENT_TARGET = 16.2;
				MTL_ENABLE_DEBUG_INFO = INCLUDE_SOURCE;
				MTL_FAST_MATH = YES;
				ONLY_ACTIVE_ARCH = YES;
				SDKROOT = iphoneos;
				SWIFT_ACTIVE_COMPILATION_CONDITIONS = DEBUG;
				SWIFT_OPTIMIZATION_LEVEL = "-Onone";
			};
			name = Debug;
		};
		A4C453E52AA753F1002A34C6 /* Release */ = {
			isa = XCBuildConfiguration;
			buildSettings = {
				ALWAYS_SEARCH_USER_PATHS = NO;
				CLANG_ANALYZER_NONNULL = YES;
				CLANG_ANALYZER_NUMBER_OBJECT_CONVERSION = YES_AGGRESSIVE;
				CLANG_CXX_LANGUAGE_STANDARD = "gnu++20";
				CLANG_ENABLE_MODULES = YES;
				CLANG_ENABLE_OBJC_ARC = YES;
				CLANG_ENABLE_OBJC_WEAK = YES;
				CLANG_WARN_BLOCK_CAPTURE_AUTORELEASING = YES;
				CLANG_WARN_BOOL_CONVERSION = YES;
				CLANG_WARN_COMMA = YES;
				CLANG_WARN_CONSTANT_CONVERSION = YES;
				CLANG_WARN_DEPRECATED_OBJC_IMPLEMENTATIONS = YES;
				CLANG_WARN_DIRECT_OBJC_ISA_USAGE = YES_ERROR;
				CLANG_WARN_DOCUMENTATION_COMMENTS = YES;
				CLANG_WARN_EMPTY_BODY = YES;
				CLANG_WARN_ENUM_CONVERSION = YES;
				CLANG_WARN_INFINITE_RECURSION = YES;
				CLANG_WARN_INT_CONVERSION = YES;
				CLANG_WARN_NON_LITERAL_NULL_CONVERSION = YES;
				CLANG_WARN_OBJC_IMPLICIT_RETAIN_SELF = YES;
				CLANG_WARN_OBJC_LITERAL_CONVERSION = YES;
				CLANG_WARN_OBJC_ROOT_CLASS = YES_ERROR;
				CLANG_WARN_QUOTED_INCLUDE_IN_FRAMEWORK_HEADER = YES;
				CLANG_WARN_RANGE_LOOP_ANALYSIS = YES;
				CLANG_WARN_STRICT_PROTOTYPES = YES;
				CLANG_WARN_SUSPICIOUS_MOVE = YES;
				CLANG_WARN_UNGUARDED_AVAILABILITY = YES_AGGRESSIVE;
				CLANG_WARN_UNREACHABLE_CODE = YES;
				CLANG_WARN__DUPLICATE_METHOD_MATCH = YES;
				COPY_PHASE_STRIP = NO;
				DEBUG_INFORMATION_FORMAT = "dwarf-with-dsym";
				ENABLE_NS_ASSERTIONS = NO;
				ENABLE_STRICT_OBJC_MSGSEND = YES;
				GCC_C_LANGUAGE_STANDARD = gnu11;
				GCC_NO_COMMON_BLOCKS = YES;
				GCC_WARN_64_TO_32_BIT_CONVERSION = YES;
				GCC_WARN_ABOUT_RETURN_TYPE = YES_ERROR;
				GCC_WARN_UNDECLARED_SELECTOR = YES;
				GCC_WARN_UNINITIALIZED_AUTOS = YES_AGGRESSIVE;
				GCC_WARN_UNUSED_FUNCTION = YES;
				GCC_WARN_UNUSED_VARIABLE = YES;
				IPHONEOS_DEPLOYMENT_TARGET = 16.2;
				MTL_ENABLE_DEBUG_INFO = NO;
				MTL_FAST_MATH = YES;
				SDKROOT = iphoneos;
				SWIFT_COMPILATION_MODE = wholemodule;
				SWIFT_OPTIMIZATION_LEVEL = "-O";
				VALIDATE_PRODUCT = YES;
			};
			name = Release;
		};
		A4C453E72AA753F1002A34C6 /* Debug */ = {
			isa = XCBuildConfiguration;
			buildSettings = {
				ASSETCATALOG_COMPILER_APPICON_NAME = AppIcon;
				ASSETCATALOG_COMPILER_GLOBAL_ACCENT_COLOR_NAME = AccentColor;
				CODE_SIGN_STYLE = Automatic;
				CURRENT_PROJECT_VERSION = 1;
				DEVELOPMENT_TEAM = NF9R7KNMC7;
				GENERATE_INFOPLIST_FILE = YES;
				INFOPLIST_FILE = MessageApp/Info.plist;
				INFOPLIST_KEY_NSCameraUsageDescription = "Please allow access to take a picture";
				INFOPLIST_KEY_NSPhotoLibraryAddUsageDescription = "Please allow access to select  a photo for your profile";
				INFOPLIST_KEY_UIApplicationSupportsIndirectInputEvents = YES;
				INFOPLIST_KEY_UILaunchStoryboardName = LaunchScreen;
				INFOPLIST_KEY_UISupportedInterfaceOrientations_iPad = "UIInterfaceOrientationPortrait UIInterfaceOrientationPortraitUpsideDown UIInterfaceOrientationLandscapeLeft UIInterfaceOrientationLandscapeRight";
				INFOPLIST_KEY_UISupportedInterfaceOrientations_iPhone = "UIInterfaceOrientationPortrait UIInterfaceOrientationLandscapeLeft UIInterfaceOrientationLandscapeRight";
				LD_RUNPATH_SEARCH_PATHS = (
					"$(inherited)",
					"@executable_path/Frameworks",
				);
				MARKETING_VERSION = 1.0;
				PRODUCT_BUNDLE_IDENTIFIER = com.eyuphanakkaya.MessageApp;
				PRODUCT_NAME = "$(TARGET_NAME)";
				SWIFT_EMIT_LOC_STRINGS = YES;
				SWIFT_VERSION = 5.0;
				TARGETED_DEVICE_FAMILY = "1,2";
			};
			name = Debug;
		};
		A4C453E82AA753F1002A34C6 /* Release */ = {
			isa = XCBuildConfiguration;
			buildSettings = {
				ASSETCATALOG_COMPILER_APPICON_NAME = AppIcon;
				ASSETCATALOG_COMPILER_GLOBAL_ACCENT_COLOR_NAME = AccentColor;
				CODE_SIGN_STYLE = Automatic;
				CURRENT_PROJECT_VERSION = 1;
				DEVELOPMENT_TEAM = NF9R7KNMC7;
				GENERATE_INFOPLIST_FILE = YES;
				INFOPLIST_FILE = MessageApp/Info.plist;
				INFOPLIST_KEY_NSCameraUsageDescription = "Please allow access to take a picture";
				INFOPLIST_KEY_NSPhotoLibraryAddUsageDescription = "Please allow access to select  a photo for your profile";
				INFOPLIST_KEY_UIApplicationSupportsIndirectInputEvents = YES;
				INFOPLIST_KEY_UILaunchStoryboardName = LaunchScreen;
				INFOPLIST_KEY_UISupportedInterfaceOrientations_iPad = "UIInterfaceOrientationPortrait UIInterfaceOrientationPortraitUpsideDown UIInterfaceOrientationLandscapeLeft UIInterfaceOrientationLandscapeRight";
				INFOPLIST_KEY_UISupportedInterfaceOrientations_iPhone = "UIInterfaceOrientationPortrait UIInterfaceOrientationLandscapeLeft UIInterfaceOrientationLandscapeRight";
				LD_RUNPATH_SEARCH_PATHS = (
					"$(inherited)",
					"@executable_path/Frameworks",
				);
				MARKETING_VERSION = 1.0;
				PRODUCT_BUNDLE_IDENTIFIER = com.eyuphanakkaya.MessageApp;
				PRODUCT_NAME = "$(TARGET_NAME)";
				SWIFT_EMIT_LOC_STRINGS = YES;
				SWIFT_VERSION = 5.0;
				TARGETED_DEVICE_FAMILY = "1,2";
			};
			name = Release;
		};
/* End XCBuildConfiguration section */

/* Begin XCConfigurationList section */
		A4C453CD2AA753F0002A34C6 /* Build configuration list for PBXProject "MessageApp" */ = {
			isa = XCConfigurationList;
			buildConfigurations = (
				A4C453E42AA753F1002A34C6 /* Debug */,
				A4C453E52AA753F1002A34C6 /* Release */,
			);
			defaultConfigurationIsVisible = 0;
			defaultConfigurationName = Release;
		};
		A4C453E62AA753F1002A34C6 /* Build configuration list for PBXNativeTarget "MessageApp" */ = {
			isa = XCConfigurationList;
			buildConfigurations = (
				A4C453E72AA753F1002A34C6 /* Debug */,
				A4C453E82AA753F1002A34C6 /* Release */,
			);
			defaultConfigurationIsVisible = 0;
			defaultConfigurationName = Release;
		};
/* End XCConfigurationList section */

/* Begin XCRemoteSwiftPackageReference section */
		A493BEEA2AA9B654007D3E63 /* XCRemoteSwiftPackageReference "firebase-ios-sdk" */ = {
			isa = XCRemoteSwiftPackageReference;
			repositoryURL = "https://github.com/firebase/firebase-ios-sdk";
			requirement = {
				branch = master;
				kind = branch;
			};
		};
		A4BA26342AA88FB2007D0005 /* XCRemoteSwiftPackageReference "lottie-ios" */ = {
			isa = XCRemoteSwiftPackageReference;
			repositoryURL = "https://github.com/airbnb/lottie-ios.git";
			requirement = {
				branch = master;
				kind = branch;
			};
		};
		A4F728B02AAB430B008A279F /* XCRemoteSwiftPackageReference "MessageKit" */ = {
			isa = XCRemoteSwiftPackageReference;
			repositoryURL = "https://github.com/MessageKit/MessageKit.git";
			requirement = {
				kind = exactVersion;
				version = 3.5.0;
			};
		};
/* End XCRemoteSwiftPackageReference section */

/* Begin XCSwiftPackageProductDependency section */
		A493BEEB2AA9B654007D3E63 /* FirebaseAnalytics */ = {
			isa = XCSwiftPackageProductDependency;
			package = A493BEEA2AA9B654007D3E63 /* XCRemoteSwiftPackageReference "firebase-ios-sdk" */;
			productName = FirebaseAnalytics;
		};
		A493BEED2AA9B654007D3E63 /* FirebaseAuth */ = {
			isa = XCSwiftPackageProductDependency;
			package = A493BEEA2AA9B654007D3E63 /* XCRemoteSwiftPackageReference "firebase-ios-sdk" */;
			productName = FirebaseAuth;
		};
		A493BEEF2AA9B654007D3E63 /* FirebaseDatabase */ = {
			isa = XCSwiftPackageProductDependency;
			package = A493BEEA2AA9B654007D3E63 /* XCRemoteSwiftPackageReference "firebase-ios-sdk" */;
			productName = FirebaseDatabase;
		};
		A493BEF12AA9B654007D3E63 /* FirebaseFirestore */ = {
			isa = XCSwiftPackageProductDependency;
			package = A493BEEA2AA9B654007D3E63 /* XCRemoteSwiftPackageReference "firebase-ios-sdk" */;
			productName = FirebaseFirestore;
		};
		A493BEF32AA9B654007D3E63 /* FirebaseStorage */ = {
			isa = XCSwiftPackageProductDependency;
			package = A493BEEA2AA9B654007D3E63 /* XCRemoteSwiftPackageReference "firebase-ios-sdk" */;
			productName = FirebaseStorage;
		};
		A4BA26352AA88FB2007D0005 /* Lottie */ = {
			isa = XCSwiftPackageProductDependency;
			package = A4BA26342AA88FB2007D0005 /* XCRemoteSwiftPackageReference "lottie-ios" */;
			productName = Lottie;
		};
		A4F728B12AAB430B008A279F /* MessageKit */ = {
			isa = XCSwiftPackageProductDependency;
			package = A4F728B02AAB430B008A279F /* XCRemoteSwiftPackageReference "MessageKit" */;
			productName = MessageKit;
		};
/* End XCSwiftPackageProductDependency section */
	};
	rootObject = A4C453CA2AA753F0002A34C6 /* Project object */;
}
