{
  "pins" : [
    {
      "identity" : "lottie-ios",
      "kind" : "remoteSourceControl",
      "location" : "https://github.com/airbnb/lottie-ios.git",
      "state" : {
        "branch" : "master",
        "revision" : "4a9e46f639965944343f462ff774ec980ce0f278"
      }
    }
  ],
  "version" : 2
}
